
Microsoft Visual Studio Solution File, Format Version 12.00
# Visual Studio 2012
Project("{FAE04EC0-301F-11D3-BF4B-00C04F79EFBC}") = "WebApplication", "WebApplication\WebApplication.csproj", "{FF8713EB-295D-4FDB-B6E7-EE17D020E1B5}"
EndProject
Project("{FAE04EC0-301F-11D3-BF4B-00C04F79EFBC}") = "WebApplication.Tests", "WebApplication.Tests\WebApplication.Tests.csproj", "{2A1ED9A3-9EDF-4A0A-9666-4C453960B647}"
EndProject
Global
	GlobalSection(SolutionConfigurationPlatforms) = preSolution
		Debug|Any CPU = Debug|Any CPU
		Release|Any CPU = Release|Any CPU
	EndGlobalSection
	GlobalSection(ProjectConfigurationPlatforms) = postSolution
		{FF8713EB-295D-4FDB-B6E7-EE17D020E1B5}.Debug|Any CPU.ActiveCfg = Debug|Any CPU
		{FF8713EB-295D-4FDB-B6E7-EE17D020E1B5}.Debug|Any CPU.Build.0 = Debug|Any CPU
		{FF8713EB-295D-4FDB-B6E7-EE17D020E1B5}.Release|Any CPU.ActiveCfg = Release|Any CPU
		{FF8713EB-295D-4FDB-B6E7-EE17D020E1B5}.Release|Any CPU.Build.0 = Release|Any CPU
		{2A1ED9A3-9EDF-4A0A-9666-4C453960B647}.Debug|Any CPU.ActiveCfg = Debug|Any CPU
		{2A1ED9A3-9EDF-4A0A-9666-4C453960B647}.Debug|Any CPU.Build.0 = Debug|Any CPU
		{2A1ED9A3-9EDF-4A0A-9666-4C453960B647}.Release|Any CPU.ActiveCfg = Release|Any CPU
		{2A1ED9A3-9EDF-4A0A-9666-4C453960B647}.Release|Any CPU.Build.0 = Release|Any CPU
	EndGlobalSection
	GlobalSection(SolutionProperties) = preSolution
		HideSolutionNode = FALSE
	EndGlobalSection
EndGlobal
